// !$*UTF8*$!
{
	archiveVersion = 1;
	classes = {
	};
	objectVersion = 46;
	objects = {

/* Begin PBXBuildFile section */
		CA8B54B51F1B099C00EA12C2 /* main.m in Sources */ = {isa = PBXBuildFile; fileRef = CA8B54B41F1B099C00EA12C2 /* main.m */; };
		CA8B54B81F1B099C00EA12C2 /* AppDelegate.m in Sources */ = {isa = PBXBuildFile; fileRef = CA8B54B71F1B099C00EA12C2 /* AppDelegate.m */; };
		CA8B54BB1F1B099C00EA12C2 /* ViewController.m in Sources */ = {isa = PBXBuildFile; fileRef = CA8B54BA1F1B099C00EA12C2 /* ViewController.m */; };
		CA8B54BE1F1B099C00EA12C2 /* Main.storyboard in Resources */ = {isa = PBXBuildFile; fileRef = CA8B54BC1F1B099C00EA12C2 /* Main.storyboard */; };
		CA8B54C01F1B099C00EA12C2 /* Assets.xcassets in Resources */ = {isa = PBXBuildFile; fileRef = CA8B54BF1F1B099C00EA12C2 /* Assets.xcassets */; };
		CA8B54C31F1B099C00EA12C2 /* LaunchScreen.storyboard in Resources */ = {isa = PBXBuildFile; fileRef = CA8B54C11F1B099C00EA12C2 /* LaunchScreen.storyboard */; };
		CA8B54CD1F1B09EE00EA12C2 /* JJSingleton.m in Sources */ = {isa = PBXBuildFile; fileRef = CA8B54CC1F1B09EE00EA12C2 /* JJSingleton.m */; };
/* End PBXBuildFile section */

/* Begin PBXFileReference section */
		CA8B54B01F1B099C00EA12C2 /* DesignPattern_Singleton.app */ = {isa = PBXFileReference; explicitFileType = wrapper.application; includeInIndex = 0; path = DesignPattern_Singleton.app; sourceTree = BUILT_PRODUCTS_DIR; };
		CA8B54B41F1B099C00EA12C2 /* main.m */ = {isa = PBXFileReference; lastKnownFileType = sourcecode.c.objc; path = main.m; sourceTree = "<group>"; };
		CA8B54B61F1B099C00EA12C2 /* AppDelegate.h */ = {isa = PBXFileReference; lastKnownFileType = sourcecode.c.h; path = AppDelegate.h; sourceTree = "<group>"; };
		CA8B54B71F1B099C00EA12C2 /* AppDelegate.m */ = {isa = PBXFileReference; lastKnownFileType = sourcecode.c.objc; path = AppDelegate.m; sourceTree = "<group>"; };
		CA8B54B91F1B099C00EA12C2 /* ViewController.h */ = {isa = PBXFileReference; lastKnownFileType = sourcecode.c.h; path = ViewController.h; sourceTree = "<group>"; };
		CA8B54BA1F1B099C00EA12C2 /* ViewController.m */ = {isa = PBXFileReference; lastKnownFileType = sourcecode.c.objc; path = ViewController.m; sourceTree = "<group>"; };
		CA8B54BD1F1B099C00EA12C2 /* Base */ = {isa = PBXFileReference; lastKnownFileType = file.storyboard; name = Base; path = Base.lproj/Main.storyboard; sourceTree = "<group>"; };
		CA8B54BF1F1B099C00EA12C2 /* Assets.xcassets */ = {isa = PBXFileReference; lastKnownFileType = folder.assetcatalog; path = Assets.xcassets; sourceTree = "<group>"; };
		CA8B54C21F1B099C00EA12C2 /* Base */ = {isa = PBXFileReference; lastKnownFileType = file.storyboard; name = Base; path = Base.lproj/LaunchScreen.storyboard; sourceTree = "<group>"; };
		CA8B54C41F1B099C00EA12C2 /* Info.plist */ = {isa = PBXFileReference; lastKnownFileType = text.plist.xml; path = Info.plist; sourceTree = "<group>"; };
		CA8B54CB1F1B09EE00EA12C2 /* JJSingleton.h */ = {isa = PBXFileReference; fileEncoding = 4; lastKnownFileType = sourcecode.c.h; path = JJSingleton.h; sourceTree = "<group>"; };
		CA8B54CC1F1B09EE00EA12C2 /* JJSingleton.m */ = {isa = PBXFileReference; fileEncoding = 4; lastKnownFileType = sourcecode.c.objc; path = JJSingleton.m; sourceTree = "<group>"; };
/* End PBXFileReference section */

/* Begin PBXFrameworksBuildPhase section */
		CA8B54AD1F1B099C00EA12C2 /* Frameworks */ = {
			isa = PBXFrameworksBuildPhase;
			buildActionMask = 2147483647;
			files = (
			);
			runOnlyForDeploymentPostprocessing = 0;
		};
/* End PBXFrameworksBuildPhase section */

/* Begin PBXGroup section */
		CA8B54A71F1B099C00EA12C2 = {
			isa = PBXGroup;
			children = (
				CA8B54B21F1B099C00EA12C2 /* DesignPattern_Singleton */,
				CA8B54B11F1B099C00EA12C2 /* Products */,
			);
			sourceTree = "<group>";
		};
		CA8B54B11F1B099C00EA12C2 /* Products */ = {
			isa = PBXGroup;
			children = (
				CA8B54B01F1B099C00EA12C2 /* DesignPattern_Singleton.app */,
			);
			name = Products;
			sourceTree = "<group>";
		};
		CA8B54B21F1B099C00EA12C2 /* DesignPattern_Singleton */ = {
			isa = PBXGroup;
			children = (
				CA8B54CA1F1B09C100EA12C2 /* 单例模式 */,
				CA8B54B61F1B099C00EA12C2 /* AppDelegate.h */,
				CA8B54B71F1B099C00EA12C2 /* AppDelegate.m */,
				CA8B54B91F1B099C00EA12C2 /* ViewController.h */,
				CA8B54BA1F1B099C00EA12C2 /* ViewController.m */,
				CA8B54BC1F1B099C00EA12C2 /* Main.storyboard */,
				CA8B54BF1F1B099C00EA12C2 /* Assets.xcassets */,
				CA8B54C11F1B099C00EA12C2 /* LaunchScreen.storyboard */,
				CA8B54C41F1B099C00EA12C2 /* Info.plist */,
				CA8B54B31F1B099C00EA12C2 /* Supporting Files */,
			);
			path = DesignPattern_Singleton;
			sourceTree = "<group>";
		};
		CA8B54B31F1B099C00EA12C2 /* Supporting Files */ = {
			isa = PBXGroup;
			children = (
				CA8B54B41F1B099C00EA12C2 /* main.m */,
			);
			name = "Supporting Files";
			sourceTree = "<group>";
		};
		CA8B54CA1F1B09C100EA12C2 /* 单例模式 */ = {
			isa = PBXGroup;
			children = (
				CA8B54CB1F1B09EE00EA12C2 /* JJSingleton.h */,
				CA8B54CC1F1B09EE00EA12C2 /* JJSingleton.m */,
			);
			name = "单例模式";
			sourceTree = "<group>";
		};
/* End PBXGroup section */

/* Begin PBXNativeTarget section */
		CA8B54AF1F1B099C00EA12C2 /* DesignPattern_Singleton */ = {
			isa = PBXNativeTarget;
			buildConfigurationList = CA8B54C71F1B099C00EA12C2 /* Build configuration list for PBXNativeTarget "DesignPattern_Singleton" */;
			buildPhases = (
				CA8B54AC1F1B099C00EA12C2 /* Sources */,
				CA8B54AD1F1B099C00EA12C2 /* Frameworks */,
				CA8B54AE1F1B099C00EA12C2 /* Resources */,
			);
			buildRules = (
			);
			dependencies = (
			);
			name = DesignPattern_Singleton;
			productName = DesignPattern_Singleton;
			productReference = CA8B54B01F1B099C00EA12C2 /* DesignPattern_Singleton.app */;
			productType = "com.apple.product-type.application";
		};
/* End PBXNativeTarget section */

/* Begin PBXProject section */
		CA8B54A81F1B099C00EA12C2 /* Project object */ = {
			isa = PBXProject;
			attributes = {
				LastUpgradeCheck = 0830;
				ORGANIZATIONNAME = RobberJJ;
				TargetAttributes = {
					CA8B54AF1F1B099C00EA12C2 = {
						CreatedOnToolsVersion = 8.3.3;
						ProvisioningStyle = Automatic;
					};
				};
			};
			buildConfigurationList = CA8B54AB1F1B099C00EA12C2 /* Build configuration list for PBXProject "DesignPattern_Singleton" */;
			compatibilityVersion = "Xcode 3.2";
			developmentRegion = English;
			hasScannedForEncodings = 0;
			knownRegions = (
				en,
				Base,
			);
			mainGroup = CA8B54A71F1B099C00EA12C2;
			productRefGroup = CA8B54B11F1B099C00EA12C2 /* Products */;
			projectDirPath = "";
			projectRoot = "";
			targets = (
				CA8B54AF1F1B099C00EA12C2 /* DesignPattern_Singleton */,
			);
		};
/* End PBXProject section */

/* Begin PBXResourcesBuildPhase section */
		CA8B54AE1F1B099C00EA12C2 /* Resources */ = {
			isa = PBXResourcesBuildPhase;
			buildActionMask = 2147483647;
			files = (
				CA8B54C31F1B099C00EA12C2 /* LaunchScreen.storyboard in Resources */,
				CA8B54C01F1B099C00EA12C2 /* Assets.xcassets in Resources */,
				CA8B54BE1F1B099C00EA12C2 /* Main.storyboard in Resources */,
			);
			runOnlyForDeploymentPostprocessing = 0;
		};
/* End PBXResourcesBuildPhase section */

/* Begin PBXSourcesBuildPhase section */
		CA8B54AC1F1B099C00EA12C2 /* Sources */ = {
			isa = PBXSourcesBuildPhase;
			buildActionMask = 2147483647;
			files = (
				CA8B54BB1F1B099C00EA12C2 /* ViewController.m in Sources */,
				CA8B54B81F1B099C00EA12C2 /* AppDelegate.m in Sources */,
				CA8B54B51F1B099C00EA12C2 /* main.m in Sources */,
				CA8B54CD1F1B09EE00EA12C2 /* JJSingleton.m in Sources */,
			);
			runOnlyForDeploymentPostprocessing = 0;
		};
/* End PBXSourcesBuildPhase section */

/* Begin PBXVariantGroup section */
		CA8B54BC1F1B099C00EA12C2 /* Main.storyboard */ = {
			isa = PBXVariantGroup;
			children = (
				CA8B54BD1F1B099C00EA12C2 /* Base */,
			);
			name = Main.storyboard;
			sourceTree = "<group>";
		};
		CA8B54C11F1B099C00EA12C2 /* LaunchScreen.storyboard */ = {
			isa = PBXVariantGroup;
			children = (
				CA8B54C21F1B099C00EA12C2 /* Base */,
			);
			name = LaunchScreen.storyboard;
			sourceTree = "<group>";
		};
/* End PBXVariantGroup section */

/* Begin XCBuildConfiguration section */
		CA8B54C51F1B099C00EA12C2 /* Debug */ = {
			isa = XCBuildConfiguration;
			buildSettings = {
				ALWAYS_SEARCH_USER_PATHS = NO;
				CLANG_ANALYZER_NONNULL = YES;
				CLANG_ANALYZER_NUMBER_OBJECT_CONVERSION = YES_AGGRESSIVE;
				CLANG_CXX_LANGUAGE_STANDARD = "gnu++0x";
				CLANG_CXX_LIBRARY = "libc++";
				CLANG_ENABLE_MODULES = YES;
				CLANG_ENABLE_OBJC_ARC = YES;
				CLANG_WARN_BOOL_CONVERSION = YES;
				CLANG_WARN_CONSTANT_CONVERSION = YES;
				CLANG_WARN_DIRECT_OBJC_ISA_USAGE = YES_ERROR;
				CLANG_WARN_DOCUMENTATION_COMMENTS = YES;
				CLANG_WARN_EMPTY_BODY = YES;
				CLANG_WARN_ENUM_CONVERSION = YES;
				CLANG_WARN_INFINITE_RECURSION = YES;
				CLANG_WARN_INT_CONVERSION = YES;
				CLANG_WARN_OBJC_ROOT_CLASS = YES_ERROR;
				CLANG_WARN_SUSPICIOUS_MOVE = YES;
				CLANG_WARN_UNREACHABLE_CODE = YES;
				CLANG_WARN__DUPLICATE_METHOD_MATCH = YES;
				"CODE_SIGN_IDENTITY[sdk=iphoneos*]" = "iPhone Developer";
				COPY_PHASE_STRIP = NO;
				DEBUG_INFORMATION_FORMAT = dwarf;
				ENABLE_STRICT_OBJC_MSGSEND = YES;
				ENABLE_TESTABILITY = YES;
				GCC_C_LANGUAGE_STANDARD = gnu99;
				GCC_DYNAMIC_NO_PIC = NO;
				GCC_NO_COMMON_BLOCKS = YES;
				GCC_OPTIMIZATION_LEVEL = 0;
				GCC_PREPROCESSOR_DEFINITIONS = (
					"DEBUG=1",
					"$(inherited)",
				);
				GCC_WARN_64_TO_32_BIT_CONVERSION = YES;
				GCC_WARN_ABOUT_RETURN_TYPE = YES_ERROR;
				GCC_WARN_UNDECLARED_SELECTOR = YES;
				GCC_WARN_UNINITIALIZED_AUTOS = YES_AGGRESSIVE;
				GCC_WARN_UNUSED_FUNCTION = YES;
				GCC_WARN_UNUSED_VARIABLE = YES;
				IPHONEOS_DEPLOYMENT_TARGET = 10.3;
				MTL_ENABLE_DEBUG_INFO = YES;
				ONLY_ACTIVE_ARCH = YES;
				SDKROOT = iphoneos;
				TARGETED_DEVICE_FAMILY = "1,2";
			};
			name = Debug;
		};
		CA8B54C61F1B099C00EA12C2 /* Release */ = {
			isa = XCBuildConfiguration;
			buildSettings = {
				ALWAYS_SEARCH_USER_PATHS = NO;
				CLANG_ANALYZER_NONNULL = YES;
				CLANG_ANALYZER_NUMBER_OBJECT_CONVERSION = YES_AGGRESSIVE;
				CLANG_CXX_LANGUAGE_STANDARD = "gnu++0x";
				CLANG_CXX_LIBRARY = "libc++";
				CLANG_ENABLE_MODULES = YES;
				CLANG_ENABLE_OBJC_ARC = YES;
				CLANG_WARN_BOOL_CONVERSION = YES;
				CLANG_WARN_CONSTANT_CONVERSION = YES;
				CLANG_WARN_DIRECT_OBJC_ISA_USAGE = YES_ERROR;
				CLANG_WARN_DOCUMENTATION_COMMENTS = YES;
				CLANG_WARN_EMPTY_BODY = YES;
				CLANG_WARN_ENUM_CONVERSION = YES;
				CLANG_WARN_INFINITE_RECURSION = YES;
				CLANG_WARN_INT_CONVERSION = YES;
				CLANG_WARN_OBJC_ROOT_CLASS = YES_ERROR;
				CLANG_WARN_SUSPICIOUS_MOVE = YES;
				CLANG_WARN_UNREACHABLE_CODE = YES;
				CLANG_WARN__DUPLICATE_METHOD_MATCH = YES;
				"CODE_SIGN_IDENTITY[sdk=iphoneos*]" = "iPhone Developer";
				COPY_PHASE_STRIP = NO;
				DEBUG_INFORMATION_FORMAT = "dwarf-with-dsym";
				ENABLE_NS_ASSERTIONS = NO;
				ENABLE_STRICT_OBJC_MSGSEND = YES;
				GCC_C_LANGUAGE_STANDARD = gnu99;
				GCC_NO_COMMON_BLOCKS = YES;
				GCC_WARN_64_TO_32_BIT_CONVERSION = YES;
				GCC_WARN_ABOUT_RETURN_TYPE = YES_ERROR;
				GCC_WARN_UNDECLARED_SELECTOR = YES;
				GCC_WARN_UNINITIALIZED_AUTOS = YES_AGGRESSIVE;
				GCC_WARN_UNUSED_FUNCTION = YES;
				GCC_WARN_UNUSED_VARIABLE = YES;
				IPHONEOS_DEPLOYMENT_TARGET = 10.3;
				MTL_ENABLE_DEBUG_INFO = NO;
				SDKROOT = iphoneos;
				TARGETED_DEVICE_FAMILY = "1,2";
				VALIDATE_PRODUCT = YES;
			};
			name = Release;
		};
		CA8B54C81F1B099C00EA12C2 /* Debug */ = {
			isa = XCBuildConfiguration;
			buildSettings = {
				ASSETCATALOG_COMPILER_APPICON_NAME = AppIcon;
				INFOPLIST_FILE = DesignPattern_Singleton/Info.plist;
				LD_RUNPATH_SEARCH_PATHS = "$(inherited) @executable_path/Frameworks";
				PRODUCT_BUNDLE_IDENTIFIER = "com.robberJJ.DesignPattern-Singleton";
				PRODUCT_NAME = "$(TARGET_NAME)";
			};
			name = Debug;
		};
		CA8B54C91F1B099C00EA12C2 /* Release */ = {
			isa = XCBuildConfiguration;
			buildSettings = {
				ASSETCATALOG_COMPILER_APPICON_NAME = AppIcon;
				INFOPLIST_FILE = DesignPattern_Singleton/Info.plist;
				LD_RUNPATH_SEARCH_PATHS = "$(inherited) @executable_path/Frameworks";
				PRODUCT_BUNDLE_IDENTIFIER = "com.robberJJ.DesignPattern-Singleton";
				PRODUCT_NAME = "$(TARGET_NAME)";
			};
			name = Release;
		};
/* End XCBuildConfiguration section */

/* Begin XCConfigurationList section */
		CA8B54AB1F1B099C00EA12C2 /* Build configuration list for PBXProject "DesignPattern_Singleton" */ = {
			isa = XCConfigurationList;
			buildConfigurations = (
				CA8B54C51F1B099C00EA12C2 /* Debug */,
				CA8B54C61F1B099C00EA12C2 /* Release */,
			);
			defaultConfigurationIsVisible = 0;
			defaultConfigurationName = Release;
		};
		CA8B54C71F1B099C00EA12C2 /* Build configuration list for PBXNativeTarget "DesignPattern_Singleton" */ = {
			isa = XCConfigurationList;
			buildConfigurations = (
				CA8B54C81F1B099C00EA12C2 /* Debug */,
				CA8B54C91F1B099C00EA12C2 /* Release */,
			);
			defaultConfigurationIsVisible = 0;
		};
/* End XCConfigurationList section */
	};
	rootObject = CA8B54A81F1B099C00EA12C2 /* Project object */;
}
